
Microsoft Visual Studio Solution File, Format Version 12.00
# Visual Studio Version 16
VisualStudioVersion = 16.0.31702.278
MinimumVisualStudioVersion = 10.0.40219.1
Project("{FAE04EC0-301F-11D3-BF4B-00C04F79EFBC}") = "ClientProxy-P4-20190140001", "ClientProxy-P4-20190140001\ClientProxy-P4-20190140001.csproj", "{8005812C-A0C2-4201-83C7-B28342676BE8}"
EndProject
Global
	GlobalSection(SolutionConfigurationPlatforms) = preSolution
		Debug|Any CPU = Debug|Any CPU
		Release|Any CPU = Release|Any CPU
	EndGlobalSection
	GlobalSection(ProjectConfigurationPlatforms) = postSolution
		{8005812C-A0C2-4201-83C7-B28342676BE8}.Debug|Any CPU.ActiveCfg = Debug|Any CPU
		{8005812C-A0C2-4201-83C7-B28342676BE8}.Debug|Any CPU.Build.0 = Debug|Any CPU
		{8005812C-A0C2-4201-83C7-B28342676BE8}.Release|Any CPU.ActiveCfg = Release|Any CPU
		{8005812C-A0C2-4201-83C7-B28342676BE8}.Release|Any CPU.Build.0 = Release|Any CPU
	EndGlobalSection
	GlobalSection(SolutionProperties) = preSolution
		HideSolutionNode = FALSE
	EndGlobalSection
	GlobalSection(ExtensibilityGlobals) = postSolution
		SolutionGuid = {9D39200D-8347-491A-9337-39C8D08E8EF3}
	EndGlobalSection
EndGlobal
